PODS:
  - GzipSwift (3.1.2)
  - PubNub (4.5.11):
    - PubNub/Core (= 4.5.11)
  - PubNub/Core (4.5.11)

DEPENDENCIES:
  - GzipSwift
  - PubNub (~> 4)

SPEC CHECKSUMS:
  GzipSwift: 86700e6530b3aa5e782ed7107cde2deea6b16688
  PubNub: bf767a13b65f0492f8a2f141d6af27d1e8746f2b

PODFILE CHECKSUM: 44a31c0f2864c10ed44d504f2a4aeda5ab175d3b

COCOAPODS: 1.2.0
